// !$*UTF8*$!
{
	archiveVersion = 1;
	classes = {
	};
	objectVersion = 56;
	objects = {

/* Begin PBXBuildFile section */
		A44E76962AB11E70004BBB21 /* CleanPadApp.swift in Sources */ = {isa = PBXBuildFile; fileRef = A44E76952AB11E70004BBB21 /* CleanPadApp.swift */; };
		A44E769A2AB11E72004BBB21 /* Assets.xcassets in Resources */ = {isa = PBXBuildFile; fileRef = A44E76992AB11E72004BBB21 /* Assets.xcassets */; };
		A44E769D2AB11E72004BBB21 /* Preview Assets.xcassets in Resources */ = {isa = PBXBuildFile; fileRef = A44E769C2AB11E72004BBB21 /* Preview Assets.xcassets */; };
		A44E76A42AB12C0A004BBB21 /* Note.swift in Sources */ = {isa = PBXBuildFile; fileRef = A44E76A32AB12C0A004BBB21 /* Note.swift */; };
		A44E76A62AB1307A004BBB21 /* NotesListViewModel.swift in Sources */ = {isa = PBXBuildFile; fileRef = A44E76A52AB1307A004BBB21 /* NotesListViewModel.swift */; };
		A44E76A82AB13214004BBB21 /* FileManager-DocumentsDirectory.swift in Sources */ = {isa = PBXBuildFile; fileRef = A44E76A72AB13214004BBB21 /* FileManager-DocumentsDirectory.swift */; };
		A465AB7A2ABA7149001CFFD9 /* NoteEditView.swift in Sources */ = {isa = PBXBuildFile; fileRef = A465AB792ABA7149001CFFD9 /* NoteEditView.swift */; };
		A475B9642ACCD7DE00BE6575 /* WelcomeView.swift in Sources */ = {isa = PBXBuildFile; fileRef = A475B9632ACCD7DE00BE6575 /* WelcomeView.swift */; };
		A482F0DF2AC7D7CA0075A385 /* ButtonsViews.swift in Sources */ = {isa = PBXBuildFile; fileRef = A482F0DE2AC7D7CA0075A385 /* ButtonsViews.swift */; };
		A49E2FE02AD61DA000D8EC6D /* EmptyListView.swift in Sources */ = {isa = PBXBuildFile; fileRef = A49E2FDF2AD61DA000D8EC6D /* EmptyListView.swift */; };
		A4DB7B0A2ABB837D0008AF12 /* ContentView.swift in Sources */ = {isa = PBXBuildFile; fileRef = A4DB7B092ABB837D0008AF12 /* ContentView.swift */; };
		A4DB7B0E2ABB84910008AF12 /* MainNotesListView.swift in Sources */ = {isa = PBXBuildFile; fileRef = A4DB7B0D2ABB84910008AF12 /* MainNotesListView.swift */; };
		A4DB7B102ABB84B10008AF12 /* LockedNotesListView.swift in Sources */ = {isa = PBXBuildFile; fileRef = A4DB7B0F2ABB84B10008AF12 /* LockedNotesListView.swift */; };
		A4DB7B122ABB84CC0008AF12 /* NonLockedNotesListView.swift in Sources */ = {isa = PBXBuildFile; fileRef = A4DB7B112ABB84CC0008AF12 /* NonLockedNotesListView.swift */; };
		A4DB7B162ABB85130008AF12 /* PlaceholderView.swift in Sources */ = {isa = PBXBuildFile; fileRef = A4DB7B152ABB85130008AF12 /* PlaceholderView.swift */; };
		A4DB7B182ABB852D0008AF12 /* BackgroundColorView.swift in Sources */ = {isa = PBXBuildFile; fileRef = A4DB7B172ABB852D0008AF12 /* BackgroundColorView.swift */; };
/* End PBXBuildFile section */

/* Begin PBXFileReference section */
		A44E76922AB11E70004BBB21 /* CleanPad.app */ = {isa = PBXFileReference; explicitFileType = wrapper.application; includeInIndex = 0; path = CleanPad.app; sourceTree = BUILT_PRODUCTS_DIR; };
		A44E76952AB11E70004BBB21 /* CleanPadApp.swift */ = {isa = PBXFileReference; lastKnownFileType = sourcecode.swift; path = CleanPadApp.swift; sourceTree = "<group>"; };
		A44E76992AB11E72004BBB21 /* Assets.xcassets */ = {isa = PBXFileReference; lastKnownFileType = folder.assetcatalog; path = Assets.xcassets; sourceTree = "<group>"; };
		A44E769C2AB11E72004BBB21 /* Preview Assets.xcassets */ = {isa = PBXFileReference; lastKnownFileType = folder.assetcatalog; path = "Preview Assets.xcassets"; sourceTree = "<group>"; };
		A44E76A32AB12C0A004BBB21 /* Note.swift */ = {isa = PBXFileReference; lastKnownFileType = sourcecode.swift; path = Note.swift; sourceTree = "<group>"; };
		A44E76A52AB1307A004BBB21 /* NotesListViewModel.swift */ = {isa = PBXFileReference; lastKnownFileType = sourcecode.swift; path = NotesListViewModel.swift; sourceTree = "<group>"; };
		A44E76A72AB13214004BBB21 /* FileManager-DocumentsDirectory.swift */ = {isa = PBXFileReference; lastKnownFileType = sourcecode.swift; path = "FileManager-DocumentsDirectory.swift"; sourceTree = "<group>"; };
		A45FD7342ABDE57300CBF255 /* Info.plist */ = {isa = PBXFileReference; lastKnownFileType = text.plist; path = Info.plist; sourceTree = "<group>"; };
		A465AB792ABA7149001CFFD9 /* NoteEditView.swift */ = {isa = PBXFileReference; lastKnownFileType = sourcecode.swift; path = NoteEditView.swift; sourceTree = "<group>"; };
		A475B9632ACCD7DE00BE6575 /* WelcomeView.swift */ = {isa = PBXFileReference; lastKnownFileType = sourcecode.swift; path = WelcomeView.swift; sourceTree = "<group>"; };
		A482F0DE2AC7D7CA0075A385 /* ButtonsViews.swift */ = {isa = PBXFileReference; lastKnownFileType = sourcecode.swift; path = ButtonsViews.swift; sourceTree = "<group>"; };
		A49E2FDF2AD61DA000D8EC6D /* EmptyListView.swift */ = {isa = PBXFileReference; lastKnownFileType = sourcecode.swift; path = EmptyListView.swift; sourceTree = "<group>"; };
		A4DB7B092ABB837D0008AF12 /* ContentView.swift */ = {isa = PBXFileReference; fileEncoding = 4; lastKnownFileType = sourcecode.swift; name = ContentView.swift; path = CleanPad/ContentView.swift; sourceTree = SOURCE_ROOT; };
		A4DB7B0D2ABB84910008AF12 /* MainNotesListView.swift */ = {isa = PBXFileReference; lastKnownFileType = sourcecode.swift; path = MainNotesListView.swift; sourceTree = "<group>"; };
		A4DB7B0F2ABB84B10008AF12 /* LockedNotesListView.swift */ = {isa = PBXFileReference; lastKnownFileType = sourcecode.swift; path = LockedNotesListView.swift; sourceTree = "<group>"; };
		A4DB7B112ABB84CC0008AF12 /* NonLockedNotesListView.swift */ = {isa = PBXFileReference; lastKnownFileType = sourcecode.swift; path = NonLockedNotesListView.swift; sourceTree = "<group>"; };
		A4DB7B152ABB85130008AF12 /* PlaceholderView.swift */ = {isa = PBXFileReference; lastKnownFileType = sourcecode.swift; path = PlaceholderView.swift; sourceTree = "<group>"; };
		A4DB7B172ABB852D0008AF12 /* BackgroundColorView.swift */ = {isa = PBXFileReference; lastKnownFileType = sourcecode.swift; path = BackgroundColorView.swift; sourceTree = "<group>"; };
/* End PBXFileReference section */

/* Begin PBXFrameworksBuildPhase section */
		A44E768F2AB11E70004BBB21 /* Frameworks */ = {
			isa = PBXFrameworksBuildPhase;
			buildActionMask = 2147483647;
			files = (
			);
			runOnlyForDeploymentPostprocessing = 0;
		};
/* End PBXFrameworksBuildPhase section */

/* Begin PBXGroup section */
		A44E76892AB11E70004BBB21 = {
			isa = PBXGroup;
			children = (
				A44E76942AB11E70004BBB21 /* CleanPad */,
				A44E76932AB11E70004BBB21 /* Products */,
			);
			sourceTree = "<group>";
		};
		A44E76932AB11E70004BBB21 /* Products */ = {
			isa = PBXGroup;
			children = (
				A44E76922AB11E70004BBB21 /* CleanPad.app */,
			);
			name = Products;
			sourceTree = "<group>";
		};
		A44E76942AB11E70004BBB21 /* CleanPad */ = {
			isa = PBXGroup;
			children = (
				A45FD7342ABDE57300CBF255 /* Info.plist */,
				A465AB7C2ABB395E001CFFD9 /* Domain */,
				A465AB7B2ABB2D50001CFFD9 /* App */,
				A465AB742ABA704B001CFFD9 /* Presentation */,
				A44E76A72AB13214004BBB21 /* FileManager-DocumentsDirectory.swift */,
				A44E76992AB11E72004BBB21 /* Assets.xcassets */,
				A44E769B2AB11E72004BBB21 /* Preview Content */,
			);
			path = CleanPad;
			sourceTree = "<group>";
		};
		A44E769B2AB11E72004BBB21 /* Preview Content */ = {
			isa = PBXGroup;
			children = (
				A44E769C2AB11E72004BBB21 /* Preview Assets.xcassets */,
			);
			path = "Preview Content";
			sourceTree = "<group>";
		};
		A465AB742ABA704B001CFFD9 /* Presentation */ = {
			isa = PBXGroup;
			children = (
				A482F0DB2AC7D4410075A385 /* Common */,
				A4DB7B142ABB850A0008AF12 /* BackgroundViews */,
				A4DB7B132ABB84F80008AF12 /* DetailViews */,
				A4DB7B0C2ABB84860008AF12 /* ListViews */,
				A4DB7B092ABB837D0008AF12 /* ContentView.swift */,
				A44E76A52AB1307A004BBB21 /* NotesListViewModel.swift */,
				A475B9632ACCD7DE00BE6575 /* WelcomeView.swift */,
			);
			path = Presentation;
			sourceTree = "<group>";
		};
		A465AB7B2ABB2D50001CFFD9 /* App */ = {
			isa = PBXGroup;
			children = (
				A44E76952AB11E70004BBB21 /* CleanPadApp.swift */,
			);
			path = App;
			sourceTree = "<group>";
		};
		A465AB7C2ABB395E001CFFD9 /* Domain */ = {
			isa = PBXGroup;
			children = (
				A44E76A32AB12C0A004BBB21 /* Note.swift */,
			);
			path = Domain;
			sourceTree = "<group>";
		};
		A482F0DB2AC7D4410075A385 /* Common */ = {
			isa = PBXGroup;
			children = (
				A482F0DE2AC7D7CA0075A385 /* ButtonsViews.swift */,
				A4DB7B152ABB85130008AF12 /* PlaceholderView.swift */,
				A49E2FDF2AD61DA000D8EC6D /* EmptyListView.swift */,
			);
			path = Common;
			sourceTree = "<group>";
		};
		A4DB7B0C2ABB84860008AF12 /* ListViews */ = {
			isa = PBXGroup;
			children = (
				A4DB7B0D2ABB84910008AF12 /* MainNotesListView.swift */,
				A4DB7B112ABB84CC0008AF12 /* NonLockedNotesListView.swift */,
				A4DB7B0F2ABB84B10008AF12 /* LockedNotesListView.swift */,
			);
			path = ListViews;
			sourceTree = "<group>";
		};
		A4DB7B132ABB84F80008AF12 /* DetailViews */ = {
			isa = PBXGroup;
			children = (
				A465AB792ABA7149001CFFD9 /* NoteEditView.swift */,
			);
			path = DetailViews;
			sourceTree = "<group>";
		};
		A4DB7B142ABB850A0008AF12 /* BackgroundViews */ = {
			isa = PBXGroup;
			children = (
				A4DB7B172ABB852D0008AF12 /* BackgroundColorView.swift */,
			);
			path = BackgroundViews;
			sourceTree = "<group>";
		};
/* End PBXGroup section */

/* Begin PBXNativeTarget section */
		A44E76912AB11E70004BBB21 /* CleanPad */ = {
			isa = PBXNativeTarget;
			buildConfigurationList = A44E76A02AB11E72004BBB21 /* Build configuration list for PBXNativeTarget "CleanPad" */;
			buildPhases = (
				A44E768E2AB11E70004BBB21 /* Sources */,
				A44E768F2AB11E70004BBB21 /* Frameworks */,
				A44E76902AB11E70004BBB21 /* Resources */,
			);
			buildRules = (
			);
			dependencies = (
			);
			name = CleanPad;
			productName = CleanPad;
			productReference = A44E76922AB11E70004BBB21 /* CleanPad.app */;
			productType = "com.apple.product-type.application";
		};
/* End PBXNativeTarget section */

/* Begin PBXProject section */
		A44E768A2AB11E70004BBB21 /* Project object */ = {
			isa = PBXProject;
			attributes = {
				BuildIndependentTargetsInParallel = 1;
				LastSwiftUpdateCheck = 1430;
				LastUpgradeCheck = 1500;
				TargetAttributes = {
					A44E76912AB11E70004BBB21 = {
						CreatedOnToolsVersion = 14.3.1;
					};
				};
			};
			buildConfigurationList = A44E768D2AB11E70004BBB21 /* Build configuration list for PBXProject "CleanPad" */;
			compatibilityVersion = "Xcode 14.0";
			developmentRegion = en;
			hasScannedForEncodings = 0;
			knownRegions = (
				en,
				Base,
			);
			mainGroup = A44E76892AB11E70004BBB21;
			productRefGroup = A44E76932AB11E70004BBB21 /* Products */;
			projectDirPath = "";
			projectRoot = "";
			targets = (
				A44E76912AB11E70004BBB21 /* CleanPad */,
			);
		};
/* End PBXProject section */

/* Begin PBXResourcesBuildPhase section */
		A44E76902AB11E70004BBB21 /* Resources */ = {
			isa = PBXResourcesBuildPhase;
			buildActionMask = 2147483647;
			files = (
				A44E769D2AB11E72004BBB21 /* Preview Assets.xcassets in Resources */,
				A44E769A2AB11E72004BBB21 /* Assets.xcassets in Resources */,
			);
			runOnlyForDeploymentPostprocessing = 0;
		};
/* End PBXResourcesBuildPhase section */

/* Begin PBXSourcesBuildPhase section */
		A44E768E2AB11E70004BBB21 /* Sources */ = {
			isa = PBXSourcesBuildPhase;
			buildActionMask = 2147483647;
			files = (
				A44E76A62AB1307A004BBB21 /* NotesListViewModel.swift in Sources */,
				A482F0DF2AC7D7CA0075A385 /* ButtonsViews.swift in Sources */,
				A4DB7B0A2ABB837D0008AF12 /* ContentView.swift in Sources */,
				A4DB7B122ABB84CC0008AF12 /* NonLockedNotesListView.swift in Sources */,
				A49E2FE02AD61DA000D8EC6D /* EmptyListView.swift in Sources */,
				A44E76A82AB13214004BBB21 /* FileManager-DocumentsDirectory.swift in Sources */,
				A4DB7B162ABB85130008AF12 /* PlaceholderView.swift in Sources */,
				A465AB7A2ABA7149001CFFD9 /* NoteEditView.swift in Sources */,
				A44E76962AB11E70004BBB21 /* CleanPadApp.swift in Sources */,
				A4DB7B0E2ABB84910008AF12 /* MainNotesListView.swift in Sources */,
				A4DB7B102ABB84B10008AF12 /* LockedNotesListView.swift in Sources */,
				A44E76A42AB12C0A004BBB21 /* Note.swift in Sources */,
				A4DB7B182ABB852D0008AF12 /* BackgroundColorView.swift in Sources */,
				A475B9642ACCD7DE00BE6575 /* WelcomeView.swift in Sources */,
			);
			runOnlyForDeploymentPostprocessing = 0;
		};
/* End PBXSourcesBuildPhase section */

/* Begin XCBuildConfiguration section */
		A44E769E2AB11E72004BBB21 /* Debug */ = {
			isa = XCBuildConfiguration;
			buildSettings = {
				ALWAYS_SEARCH_USER_PATHS = NO;
				CLANG_ANALYZER_NONNULL = YES;
				CLANG_ANALYZER_NUMBER_OBJECT_CONVERSION = YES_AGGRESSIVE;
				CLANG_CXX_LANGUAGE_STANDARD = "gnu++20";
				CLANG_ENABLE_MODULES = YES;
				CLANG_ENABLE_OBJC_ARC = YES;
				CLANG_ENABLE_OBJC_WEAK = YES;
				CLANG_WARN_BLOCK_CAPTURE_AUTORELEASING = YES;
				CLANG_WARN_BOOL_CONVERSION = YES;
				CLANG_WARN_COMMA = YES;
				CLANG_WARN_CONSTANT_CONVERSION = YES;
				CLANG_WARN_DEPRECATED_OBJC_IMPLEMENTATIONS = YES;
				CLANG_WARN_DIRECT_OBJC_ISA_USAGE = YES_ERROR;
				CLANG_WARN_DOCUMENTATION_COMMENTS = YES;
				CLANG_WARN_EMPTY_BODY = YES;
				CLANG_WARN_ENUM_CONVERSION = YES;
				CLANG_WARN_INFINITE_RECURSION = YES;
				CLANG_WARN_INT_CONVERSION = YES;
				CLANG_WARN_NON_LITERAL_NULL_CONVERSION = YES;
				CLANG_WARN_OBJC_IMPLICIT_RETAIN_SELF = YES;
				CLANG_WARN_OBJC_LITERAL_CONVERSION = YES;
				CLANG_WARN_OBJC_ROOT_CLASS = YES_ERROR;
				CLANG_WARN_QUOTED_INCLUDE_IN_FRAMEWORK_HEADER = YES;
				CLANG_WARN_RANGE_LOOP_ANALYSIS = YES;
				CLANG_WARN_STRICT_PROTOTYPES = YES;
				CLANG_WARN_SUSPICIOUS_MOVE = YES;
				CLANG_WARN_UNGUARDED_AVAILABILITY = YES_AGGRESSIVE;
				CLANG_WARN_UNREACHABLE_CODE = YES;
				CLANG_WARN__DUPLICATE_METHOD_MATCH = YES;
				COPY_PHASE_STRIP = NO;
				DEBUG_INFORMATION_FORMAT = dwarf;
				ENABLE_STRICT_OBJC_MSGSEND = YES;
				ENABLE_TESTABILITY = YES;
				ENABLE_USER_SCRIPT_SANDBOXING = YES;
				GCC_C_LANGUAGE_STANDARD = gnu11;
				GCC_DYNAMIC_NO_PIC = NO;
				GCC_NO_COMMON_BLOCKS = YES;
				GCC_OPTIMIZATION_LEVEL = 0;
				GCC_PREPROCESSOR_DEFINITIONS = (
					"DEBUG=1",
					"$(inherited)",
				);
				GCC_WARN_64_TO_32_BIT_CONVERSION = YES;
				GCC_WARN_ABOUT_RETURN_TYPE = YES_ERROR;
				GCC_WARN_UNDECLARED_SELECTOR = YES;
				GCC_WARN_UNINITIALIZED_AUTOS = YES_AGGRESSIVE;
				GCC_WARN_UNUSED_FUNCTION = YES;
				GCC_WARN_UNUSED_VARIABLE = YES;
				IPHONEOS_DEPLOYMENT_TARGET = 16.4;
				MTL_ENABLE_DEBUG_INFO = INCLUDE_SOURCE;
				MTL_FAST_MATH = YES;
				ONLY_ACTIVE_ARCH = YES;
				SDKROOT = iphoneos;
				SWIFT_ACTIVE_COMPILATION_CONDITIONS = DEBUG;
				SWIFT_OPTIMIZATION_LEVEL = "-Onone";
			};
			name = Debug;
		};
		A44E769F2AB11E72004BBB21 /* Release */ = {
			isa = XCBuildConfiguration;
			buildSettings = {
				ALWAYS_SEARCH_USER_PATHS = NO;
				CLANG_ANALYZER_NONNULL = YES;
				CLANG_ANALYZER_NUMBER_OBJECT_CONVERSION = YES_AGGRESSIVE;
				CLANG_CXX_LANGUAGE_STANDARD = "gnu++20";
				CLANG_ENABLE_MODULES = YES;
				CLANG_ENABLE_OBJC_ARC = YES;
				CLANG_ENABLE_OBJC_WEAK = YES;
				CLANG_WARN_BLOCK_CAPTURE_AUTORELEASING = YES;
				CLANG_WARN_BOOL_CONVERSION = YES;
				CLANG_WARN_COMMA = YES;
				CLANG_WARN_CONSTANT_CONVERSION = YES;
				CLANG_WARN_DEPRECATED_OBJC_IMPLEMENTATIONS = YES;
				CLANG_WARN_DIRECT_OBJC_ISA_USAGE = YES_ERROR;
				CLANG_WARN_DOCUMENTATION_COMMENTS = YES;
				CLANG_WARN_EMPTY_BODY = YES;
				CLANG_WARN_ENUM_CONVERSION = YES;
				CLANG_WARN_INFINITE_RECURSION = YES;
				CLANG_WARN_INT_CONVERSION = YES;
				CLANG_WARN_NON_LITERAL_NULL_CONVERSION = YES;
				CLANG_WARN_OBJC_IMPLICIT_RETAIN_SELF = YES;
				CLANG_WARN_OBJC_LITERAL_CONVERSION = YES;
				CLANG_WARN_OBJC_ROOT_CLASS = YES_ERROR;
				CLANG_WARN_QUOTED_INCLUDE_IN_FRAMEWORK_HEADER = YES;
				CLANG_WARN_RANGE_LOOP_ANALYSIS = YES;
				CLANG_WARN_STRICT_PROTOTYPES = YES;
				CLANG_WARN_SUSPICIOUS_MOVE = YES;
				CLANG_WARN_UNGUARDED_AVAILABILITY = YES_AGGRESSIVE;
				CLANG_WARN_UNREACHABLE_CODE = YES;
				CLANG_WARN__DUPLICATE_METHOD_MATCH = YES;
				COPY_PHASE_STRIP = NO;
				DEBUG_INFORMATION_FORMAT = "dwarf-with-dsym";
				ENABLE_NS_ASSERTIONS = NO;
				ENABLE_STRICT_OBJC_MSGSEND = YES;
				ENABLE_USER_SCRIPT_SANDBOXING = YES;
				GCC_C_LANGUAGE_STANDARD = gnu11;
				GCC_NO_COMMON_BLOCKS = YES;
				GCC_WARN_64_TO_32_BIT_CONVERSION = YES;
				GCC_WARN_ABOUT_RETURN_TYPE = YES_ERROR;
				GCC_WARN_UNDECLARED_SELECTOR = YES;
				GCC_WARN_UNINITIALIZED_AUTOS = YES_AGGRESSIVE;
				GCC_WARN_UNUSED_FUNCTION = YES;
				GCC_WARN_UNUSED_VARIABLE = YES;
				IPHONEOS_DEPLOYMENT_TARGET = 16.4;
				MTL_ENABLE_DEBUG_INFO = NO;
				MTL_FAST_MATH = YES;
				SDKROOT = iphoneos;
				SWIFT_COMPILATION_MODE = wholemodule;
				SWIFT_OPTIMIZATION_LEVEL = "-O";
				VALIDATE_PRODUCT = YES;
			};
			name = Release;
		};
		A44E76A12AB11E72004BBB21 /* Debug */ = {
			isa = XCBuildConfiguration;
			buildSettings = {
				ASSETCATALOG_COMPILER_APPICON_NAME = AppIcon;
				ASSETCATALOG_COMPILER_GLOBAL_ACCENT_COLOR_NAME = AccentColor;
				CODE_SIGN_STYLE = Automatic;
				CURRENT_PROJECT_VERSION = 1;
				DEVELOPMENT_ASSET_PATHS = "\"CleanPad/Preview Content\"";
				DEVELOPMENT_TEAM = JK7SXFP9R2;
				ENABLE_PREVIEWS = YES;
				GENERATE_INFOPLIST_FILE = YES;
				INFOPLIST_FILE = CleanPad/Info.plist;
				INFOPLIST_KEY_NSFaceIDUsageDescription = "We need to lock and unlock your notes data.";
				INFOPLIST_KEY_UIApplicationSceneManifest_Generation = YES;
				INFOPLIST_KEY_UIApplicationSupportsIndirectInputEvents = YES;
				INFOPLIST_KEY_UILaunchScreen_Generation = YES;
				INFOPLIST_KEY_UISupportedInterfaceOrientations_iPad = "UIInterfaceOrientationPortrait UIInterfaceOrientationPortraitUpsideDown UIInterfaceOrientationLandscapeLeft UIInterfaceOrientationLandscapeRight";
				INFOPLIST_KEY_UISupportedInterfaceOrientations_iPhone = "UIInterfaceOrientationPortrait UIInterfaceOrientationLandscapeLeft UIInterfaceOrientationLandscapeRight";
				LD_RUNPATH_SEARCH_PATHS = (
					"$(inherited)",
					"@executable_path/Frameworks",
				);
				MARKETING_VERSION = 1.0;
				PRODUCT_BUNDLE_IDENTIFIER = Uriel.CleanPad;
				PRODUCT_NAME = "$(TARGET_NAME)";
				SWIFT_EMIT_LOC_STRINGS = YES;
				SWIFT_VERSION = 5.0;
				TARGETED_DEVICE_FAMILY = "1,2";
			};
			name = Debug;
		};
		A44E76A22AB11E72004BBB21 /* Release */ = {
			isa = XCBuildConfiguration;
			buildSettings = {
				ASSETCATALOG_COMPILER_APPICON_NAME = AppIcon;
				ASSETCATALOG_COMPILER_GLOBAL_ACCENT_COLOR_NAME = AccentColor;
				CODE_SIGN_STYLE = Automatic;
				CURRENT_PROJECT_VERSION = 1;
				DEVELOPMENT_ASSET_PATHS = "\"CleanPad/Preview Content\"";
				DEVELOPMENT_TEAM = JK7SXFP9R2;
				ENABLE_PREVIEWS = YES;
				GENERATE_INFOPLIST_FILE = YES;
				INFOPLIST_FILE = CleanPad/Info.plist;
				INFOPLIST_KEY_NSFaceIDUsageDescription = "We need to lock and unlock your notes data.";
				INFOPLIST_KEY_UIApplicationSceneManifest_Generation = YES;
				INFOPLIST_KEY_UIApplicationSupportsIndirectInputEvents = YES;
				INFOPLIST_KEY_UILaunchScreen_Generation = YES;
				INFOPLIST_KEY_UISupportedInterfaceOrientations_iPad = "UIInterfaceOrientationPortrait UIInterfaceOrientationPortraitUpsideDown UIInterfaceOrientationLandscapeLeft UIInterfaceOrientationLandscapeRight";
				INFOPLIST_KEY_UISupportedInterfaceOrientations_iPhone = "UIInterfaceOrientationPortrait UIInterfaceOrientationLandscapeLeft UIInterfaceOrientationLandscapeRight";
				LD_RUNPATH_SEARCH_PATHS = (
					"$(inherited)",
					"@executable_path/Frameworks",
				);
				MARKETING_VERSION = 1.0;
				PRODUCT_BUNDLE_IDENTIFIER = Uriel.CleanPad;
				PRODUCT_NAME = "$(TARGET_NAME)";
				SWIFT_EMIT_LOC_STRINGS = YES;
				SWIFT_VERSION = 5.0;
				TARGETED_DEVICE_FAMILY = "1,2";
			};
			name = Release;
		};
/* End XCBuildConfiguration section */

/* Begin XCConfigurationList section */
		A44E768D2AB11E70004BBB21 /* Build configuration list for PBXProject "CleanPad" */ = {
			isa = XCConfigurationList;
			buildConfigurations = (
				A44E769E2AB11E72004BBB21 /* Debug */,
				A44E769F2AB11E72004BBB21 /* Release */,
			);
			defaultConfigurationIsVisible = 0;
			defaultConfigurationName = Release;
		};
		A44E76A02AB11E72004BBB21 /* Build configuration list for PBXNativeTarget "CleanPad" */ = {
			isa = XCConfigurationList;
			buildConfigurations = (
				A44E76A12AB11E72004BBB21 /* Debug */,
				A44E76A22AB11E72004BBB21 /* Release */,
			);
			defaultConfigurationIsVisible = 0;
			defaultConfigurationName = Release;
		};
/* End XCConfigurationList section */
	};
	rootObject = A44E768A2AB11E70004BBB21 /* Project object */;
}
